{
  "nodes": {
    "flakeNimbleLib": {
      "inputs": {
        "nixpkgs": [
          "nixpkgs"
        ]
      },
      "locked": {
        "lastModified": 1662018438,
        "narHash": "sha256-QtNtU6+LX3Wokxf0zlFwKTFOcn6TeDjKQZ+DA9OYtvM=",
        "owner": "riinr",
        "repo": "nim-flakes-lib",
        "rev": "b1fe8340736e3a85d25c709ac3dfd82a55c03cbf",
        "type": "github"
      },
      "original": {
        "owner": "riinr",
        "ref": "master",
        "repo": "nim-flakes-lib",
        "type": "github"
      }
    },
    "nimaes-master": {
      "inputs": {
        "flakeNimbleLib": [
          "flakeNimbleLib"
        ],
        "nixpkgs": [
          "nixpkgs"
        ],
        "src-nimAES-master": "src-nimAES-master"
      },
      "locked": {
        "dir": "master",
        "lastModified": 1662254640,
        "narHash": "sha256-Swz7RM4pBM6YcvRpWzQryKBCaB2xkcubWg3AYvAIiIQ=",
        "owner": "nim-nix-pkgs",
        "repo": "nimaes",
        "rev": "a2d7a65ce34d7105c48a3a5e1ce1d5301d713332",
        "type": "github"
      },
      "original": {
        "dir": "master",
        "owner": "nim-nix-pkgs",
        "ref": "master",
        "repo": "nimaes",
        "type": "github"
      }
    },
    "nixpkgs": {
      "locked": {
        "lastModified": 1667110639,
        "narHash": "sha256-4FbPESZ5LbqQxkJJJBAfk/zKgF9h/4kyUwjjpJwYlbc=",
        "owner": "NixOS",
        "repo": "nixpkgs",
        "rev": "f38a1f04d1bec1feb61fd101a0539ae2002a7087",
        "type": "github"
      },
      "original": {
        "id": "nixpkgs",
        "type": "indirect"
      }
    },
    "root": {
      "inputs": {
        "flakeNimbleLib": "flakeNimbleLib",
        "nimaes-master": "nimaes-master",
        "nixpkgs": "nixpkgs"
      }
    },
    "src-nimAES-master": {
      "flake": false,
      "locked": {
        "lastModified": 1660026404,
        "narHash": "sha256-WY/6UsCOdhVg5qtd0WQuzXtWjpkpzkj+3+I6NTrdtB4=",
        "owner": "jangko",
        "repo": "nimAES",
        "rev": "b9d6d29cb44d4b6965ad4db04770bef2a35dd4b7",
        "type": "github"
      },
      "original": {
        "owner": "jangko",
        "ref": "refs/heads/master",
        "repo": "nimAES",
        "type": "github"
      }
    }
  },
  "root": "root",
  "version": 7
}
