{
  "nodes": {
    "flakeNimbleLib": {
      "inputs": {
        "nixpkgs": [
          "nixpkgs"
        ]
      },
      "locked": {
        "lastModified": 1662018438,
        "narHash": "sha256-QtNtU6+LX3Wokxf0zlFwKTFOcn6TeDjKQZ+DA9OYtvM=",
        "owner": "riinr",
        "repo": "nim-flakes-lib",
        "rev": "b1fe8340736e3a85d25c709ac3dfd82a55c03cbf",
        "type": "github"
      },
      "original": {
        "owner": "riinr",
        "ref": "master",
        "repo": "nim-flakes-lib",
        "type": "github"
      }
    },
    "nimaes-master": {
      "inputs": {
        "flakeNimbleLib": [
          "flakeNimbleLib"
        ],
        "nixpkgs": [
          "nixpkgs"
        ],
        "src-nimAES-master": "src-nimAES-master"
      },
      "locked": {
        "dir": "master",
        "lastModified": 1667322467,
        "narHash": "sha256-dizTOVc0E/7UReBUe15CFYBhI0NaKI6xRsirs7LDmu4=",
        "owner": "nim-nix-pkgs",
        "repo": "nimaes",
        "rev": "b5b24d9fa185f84c4b76d50313c47ba6f742af03",
        "type": "github"
      },
      "original": {
        "dir": "master",
        "owner": "nim-nix-pkgs",
        "ref": "master",
        "repo": "nimaes",
        "type": "github"
      }
    },
    "nixpkgs": {
      "locked": {
        "lastModified": 1667199707,
        "narHash": "sha256-I2Js3Y7gUyVSEXPULHlBoRek4Lh85vnevdS6mdvDNLI=",
        "owner": "NixOS",
        "repo": "nixpkgs",
        "rev": "ced197be72099edcfa68ebed8b87af7b04851f45",
        "type": "github"
      },
      "original": {
        "id": "nixpkgs",
        "type": "indirect"
      }
    },
    "root": {
      "inputs": {
        "flakeNimbleLib": "flakeNimbleLib",
        "nimaes-master": "nimaes-master",
        "nixpkgs": "nixpkgs"
      }
    },
    "src-nimAES-master": {
      "flake": false,
      "locked": {
        "lastModified": 1660026404,
        "narHash": "sha256-WY/6UsCOdhVg5qtd0WQuzXtWjpkpzkj+3+I6NTrdtB4=",
        "owner": "jangko",
        "repo": "nimAES",
        "rev": "b9d6d29cb44d4b6965ad4db04770bef2a35dd4b7",
        "type": "github"
      },
      "original": {
        "owner": "jangko",
        "ref": "refs/heads/master",
        "repo": "nimAES",
        "type": "github"
      }
    }
  },
  "root": "root",
  "version": 7
}
